
Microsoft Visual Studio Solution File, Format Version 12.00
# Visual Studio Version 17
VisualStudioVersion = 17.2.32516.85
MinimumVisualStudioVersion = 10.0.40219.1
Project("{FAE04EC0-301F-11D3-BF4B-00C04F79EFBC}") = "EJERCICIO 9.2", "EJERCICIO 9.2.csproj", "{5C6CE8F6-A487-4467-A1A8-F71DDA660A36}"
EndProject
Global
	GlobalSection(SolutionConfigurationPlatforms) = preSolution
		Debug|Any CPU = Debug|Any CPU
		Release|Any CPU = Release|Any CPU
	EndGlobalSection
	GlobalSection(ProjectConfigurationPlatforms) = postSolution
		{5C6CE8F6-A487-4467-A1A8-F71DDA660A36}.Debug|Any CPU.ActiveCfg = Debug|Any CPU
		{5C6CE8F6-A487-4467-A1A8-F71DDA660A36}.Debug|Any CPU.Build.0 = Debug|Any CPU
		{5C6CE8F6-A487-4467-A1A8-F71DDA660A36}.Release|Any CPU.ActiveCfg = Release|Any CPU
		{5C6CE8F6-A487-4467-A1A8-F71DDA660A36}.Release|Any CPU.Build.0 = Release|Any CPU
	EndGlobalSection
	GlobalSection(SolutionProperties) = preSolution
		HideSolutionNode = FALSE
	EndGlobalSection
	GlobalSection(ExtensibilityGlobals) = postSolution
		SolutionGuid = {1B3C19CF-E096-460D-A1DA-6936A465ED38}
	EndGlobalSection
EndGlobal
